// !$*UTF8*$!
{
	archiveVersion = 1;
	classes = {
	};
	objectVersion = 46;
	objects = {

/* Begin PBXBuildFile section */
		B16A185B199AE44900E314D3 /* Cocoa.framework in Frameworks */ = {isa = PBXBuildFile; fileRef = B16A185A199AE44900E314D3 /* Cocoa.framework */; };
		B1BCE2CE199AE666003722CE /* NSObject+Swizzle.m in Sources */ = {isa = PBXBuildFile; fileRef = B1BCE2CD199AE666003722CE /* NSObject+Swizzle.m */; };
		B1BCE2D3199AE799003722CE /* IDEOpenQuicklyTableView+CtrlNP.m in Sources */ = {isa = PBXBuildFile; fileRef = B1BCE2D2199AE799003722CE /* IDEOpenQuicklyTableView+CtrlNP.m */; };
		B1BCE2D5199AE88D003722CE /* IDEKit.framework in Frameworks */ = {isa = PBXBuildFile; fileRef = B1BCE2D4199AE88D003722CE /* IDEKit.framework */; };
		B1BCE2D7199AE8A0003722CE /* DVTKit.framework in Frameworks */ = {isa = PBXBuildFile; fileRef = B1BCE2D6199AE8A0003722CE /* DVTKit.framework */; };
/* End PBXBuildFile section */

/* Begin PBXFileReference section */
		B16A184D199AE26A00E314D3 /* OpenQuicklyCtrlNP.xcplugin */ = {isa = PBXFileReference; explicitFileType = wrapper.cfbundle; includeInIndex = 0; path = OpenQuicklyCtrlNP.xcplugin; sourceTree = BUILT_PRODUCTS_DIR; };
		B16A1851199AE26A00E314D3 /* Info.plist */ = {isa = PBXFileReference; lastKnownFileType = text.plist.xml; path = Info.plist; sourceTree = "<group>"; };
		B16A185A199AE44900E314D3 /* Cocoa.framework */ = {isa = PBXFileReference; lastKnownFileType = wrapper.framework; name = Cocoa.framework; path = System/Library/Frameworks/Cocoa.framework; sourceTree = SDKROOT; };
		B1BCE2CC199AE666003722CE /* NSObject+Swizzle.h */ = {isa = PBXFileReference; fileEncoding = 4; lastKnownFileType = sourcecode.c.h; path = "NSObject+Swizzle.h"; sourceTree = "<group>"; };
		B1BCE2CD199AE666003722CE /* NSObject+Swizzle.m */ = {isa = PBXFileReference; fileEncoding = 4; lastKnownFileType = sourcecode.c.objc; path = "NSObject+Swizzle.m"; sourceTree = "<group>"; };
		B1BCE2CF199AE6F5003722CE /* IDEOpenQuicklyTableView.h */ = {isa = PBXFileReference; lastKnownFileType = sourcecode.c.h; path = IDEOpenQuicklyTableView.h; sourceTree = "<group>"; };
		B1BCE2D0199AE747003722CE /* DVTTableView.h */ = {isa = PBXFileReference; lastKnownFileType = sourcecode.c.h; path = DVTTableView.h; sourceTree = "<group>"; };
		B1BCE2D1199AE799003722CE /* IDEOpenQuicklyTableView+CtrlNP.h */ = {isa = PBXFileReference; fileEncoding = 4; lastKnownFileType = sourcecode.c.h; path = "IDEOpenQuicklyTableView+CtrlNP.h"; sourceTree = "<group>"; };
		B1BCE2D2199AE799003722CE /* IDEOpenQuicklyTableView+CtrlNP.m */ = {isa = PBXFileReference; fileEncoding = 4; lastKnownFileType = sourcecode.c.objc; path = "IDEOpenQuicklyTableView+CtrlNP.m"; sourceTree = "<group>"; };
		B1BCE2D4199AE88D003722CE /* IDEKit.framework */ = {isa = PBXFileReference; lastKnownFileType = wrapper.framework; name = IDEKit.framework; path = ../../../../../../../Applications/Xcode.app/Contents/Frameworks/IDEKit.framework; sourceTree = "<group>"; };
		B1BCE2D6199AE8A0003722CE /* DVTKit.framework */ = {isa = PBXFileReference; lastKnownFileType = wrapper.framework; name = DVTKit.framework; path = ../../../../../../../Applications/Xcode.app/Contents/SharedFrameworks/DVTKit.framework; sourceTree = "<group>"; };
/* End PBXFileReference section */

/* Begin PBXFrameworksBuildPhase section */
		B16A184A199AE26A00E314D3 /* Frameworks */ = {
			isa = PBXFrameworksBuildPhase;
			buildActionMask = 2147483647;
			files = (
				B16A185B199AE44900E314D3 /* Cocoa.framework in Frameworks */,
				B1BCE2D5199AE88D003722CE /* IDEKit.framework in Frameworks */,
				B1BCE2D7199AE8A0003722CE /* DVTKit.framework in Frameworks */,
			);
			runOnlyForDeploymentPostprocessing = 0;
		};
/* End PBXFrameworksBuildPhase section */

/* Begin PBXGroup section */
		B16A1844199AE26A00E314D3 = {
			isa = PBXGroup;
			children = (
				B16A184F199AE26A00E314D3 /* OpenQuicklyCtrlNP */,
				B16A185C199AE44F00E314D3 /* Frameworks */,
				B16A184E199AE26A00E314D3 /* Products */,
			);
			sourceTree = "<group>";
		};
		B16A184E199AE26A00E314D3 /* Products */ = {
			isa = PBXGroup;
			children = (
				B16A184D199AE26A00E314D3 /* OpenQuicklyCtrlNP.xcplugin */,
			);
			name = Products;
			sourceTree = "<group>";
		};
		B16A184F199AE26A00E314D3 /* OpenQuicklyCtrlNP */ = {
			isa = PBXGroup;
			children = (
				B1BCE2CB199AE604003722CE /* Xcode Headers */,
				B1BCE2CC199AE666003722CE /* NSObject+Swizzle.h */,
				B1BCE2CD199AE666003722CE /* NSObject+Swizzle.m */,
				B1BCE2D1199AE799003722CE /* IDEOpenQuicklyTableView+CtrlNP.h */,
				B1BCE2D2199AE799003722CE /* IDEOpenQuicklyTableView+CtrlNP.m */,
				B16A1850199AE26A00E314D3 /* Supporting Files */,
			);
			path = OpenQuicklyCtrlNP;
			sourceTree = "<group>";
		};
		B16A1850199AE26A00E314D3 /* Supporting Files */ = {
			isa = PBXGroup;
			children = (
				B16A1851199AE26A00E314D3 /* Info.plist */,
			);
			name = "Supporting Files";
			sourceTree = "<group>";
		};
		B16A185C199AE44F00E314D3 /* Frameworks */ = {
			isa = PBXGroup;
			children = (
				B1BCE2D6199AE8A0003722CE /* DVTKit.framework */,
				B1BCE2D4199AE88D003722CE /* IDEKit.framework */,
				B16A185A199AE44900E314D3 /* Cocoa.framework */,
			);
			name = Frameworks;
			sourceTree = "<group>";
		};
		B1BCE2CB199AE604003722CE /* Xcode Headers */ = {
			isa = PBXGroup;
			children = (
				B1BCE2CF199AE6F5003722CE /* IDEOpenQuicklyTableView.h */,
				B1BCE2D0199AE747003722CE /* DVTTableView.h */,
			);
			name = "Xcode Headers";
			sourceTree = "<group>";
		};
/* End PBXGroup section */

/* Begin PBXNativeTarget section */
		B16A184C199AE26A00E314D3 /* OpenQuicklyCtrlNP */ = {
			isa = PBXNativeTarget;
			buildConfigurationList = B16A1854199AE26A00E314D3 /* Build configuration list for PBXNativeTarget "OpenQuicklyCtrlNP" */;
			buildPhases = (
				B16A1849199AE26A00E314D3 /* Sources */,
				B16A184A199AE26A00E314D3 /* Frameworks */,
				B16A184B199AE26A00E314D3 /* Resources */,
			);
			buildRules = (
			);
			dependencies = (
			);
			name = OpenQuicklyCtrlNP;
			productName = OpenQuicklyCtrlNP;
			productReference = B16A184D199AE26A00E314D3 /* OpenQuicklyCtrlNP.xcplugin */;
			productType = "com.apple.product-type.bundle";
		};
/* End PBXNativeTarget section */

/* Begin PBXProject section */
		B16A1845199AE26A00E314D3 /* Project object */ = {
			isa = PBXProject;
			attributes = {
				LastUpgradeCheck = 0600;
				ORGANIZATIONNAME = "Yin Tan";
				TargetAttributes = {
					B16A184C199AE26A00E314D3 = {
						CreatedOnToolsVersion = 6.0;
					};
				};
			};
			buildConfigurationList = B16A1848199AE26A00E314D3 /* Build configuration list for PBXProject "OpenQuicklyCtrlNP" */;
			compatibilityVersion = "Xcode 3.2";
			developmentRegion = English;
			hasScannedForEncodings = 0;
			knownRegions = (
				en,
			);
			mainGroup = B16A1844199AE26A00E314D3;
			productRefGroup = B16A184E199AE26A00E314D3 /* Products */;
			projectDirPath = "";
			projectRoot = "";
			targets = (
				B16A184C199AE26A00E314D3 /* OpenQuicklyCtrlNP */,
			);
		};
/* End PBXProject section */

/* Begin PBXResourcesBuildPhase section */
		B16A184B199AE26A00E314D3 /* Resources */ = {
			isa = PBXResourcesBuildPhase;
			buildActionMask = 2147483647;
			files = (
			);
			runOnlyForDeploymentPostprocessing = 0;
		};
/* End PBXResourcesBuildPhase section */

/* Begin PBXSourcesBuildPhase section */
		B16A1849199AE26A00E314D3 /* Sources */ = {
			isa = PBXSourcesBuildPhase;
			buildActionMask = 2147483647;
			files = (
				B1BCE2D3199AE799003722CE /* IDEOpenQuicklyTableView+CtrlNP.m in Sources */,
				B1BCE2CE199AE666003722CE /* NSObject+Swizzle.m in Sources */,
			);
			runOnlyForDeploymentPostprocessing = 0;
		};
/* End PBXSourcesBuildPhase section */

/* Begin XCBuildConfiguration section */
		B16A1852199AE26A00E314D3 /* Debug */ = {
			isa = XCBuildConfiguration;
			buildSettings = {
				ALWAYS_SEARCH_USER_PATHS = NO;
				CLANG_CXX_LANGUAGE_STANDARD = "gnu++0x";
				CLANG_CXX_LIBRARY = "libc++";
				CLANG_ENABLE_MODULES = YES;
				CLANG_ENABLE_OBJC_ARC = YES;
				CLANG_WARN_BOOL_CONVERSION = YES;
				CLANG_WARN_CONSTANT_CONVERSION = YES;
				CLANG_WARN_DIRECT_OBJC_ISA_USAGE = YES_ERROR;
				CLANG_WARN_EMPTY_BODY = YES;
				CLANG_WARN_ENUM_CONVERSION = YES;
				CLANG_WARN_INT_CONVERSION = YES;
				CLANG_WARN_OBJC_ROOT_CLASS = YES_ERROR;
				CLANG_WARN_UNREACHABLE_CODE = YES;
				CLANG_WARN__DUPLICATE_METHOD_MATCH = YES;
				COPY_PHASE_STRIP = NO;
				ENABLE_STRICT_OBJC_MSGSEND = YES;
				GCC_C_LANGUAGE_STANDARD = gnu99;
				GCC_DYNAMIC_NO_PIC = NO;
				GCC_OPTIMIZATION_LEVEL = 0;
				GCC_PREPROCESSOR_DEFINITIONS = (
					"DEBUG=1",
					"$(inherited)",
				);
				GCC_SYMBOLS_PRIVATE_EXTERN = NO;
				GCC_WARN_64_TO_32_BIT_CONVERSION = YES;
				GCC_WARN_ABOUT_RETURN_TYPE = YES_ERROR;
				GCC_WARN_UNDECLARED_SELECTOR = YES;
				GCC_WARN_UNINITIALIZED_AUTOS = YES_AGGRESSIVE;
				GCC_WARN_UNUSED_FUNCTION = YES;
				GCC_WARN_UNUSED_VARIABLE = YES;
				MACOSX_DEPLOYMENT_TARGET = 10.10;
				MTL_ENABLE_DEBUG_INFO = YES;
				ONLY_ACTIVE_ARCH = YES;
				SDKROOT = macosx;
			};
			name = Debug;
		};
		B16A1853199AE26A00E314D3 /* Release */ = {
			isa = XCBuildConfiguration;
			buildSettings = {
				ALWAYS_SEARCH_USER_PATHS = NO;
				CLANG_CXX_LANGUAGE_STANDARD = "gnu++0x";
				CLANG_CXX_LIBRARY = "libc++";
				CLANG_ENABLE_MODULES = YES;
				CLANG_ENABLE_OBJC_ARC = YES;
				CLANG_WARN_BOOL_CONVERSION = YES;
				CLANG_WARN_CONSTANT_CONVERSION = YES;
				CLANG_WARN_DIRECT_OBJC_ISA_USAGE = YES_ERROR;
				CLANG_WARN_EMPTY_BODY = YES;
				CLANG_WARN_ENUM_CONVERSION = YES;
				CLANG_WARN_INT_CONVERSION = YES;
				CLANG_WARN_OBJC_ROOT_CLASS = YES_ERROR;
				CLANG_WARN_UNREACHABLE_CODE = YES;
				CLANG_WARN__DUPLICATE_METHOD_MATCH = YES;
				COPY_PHASE_STRIP = YES;
				DEBUG_INFORMATION_FORMAT = "dwarf-with-dsym";
				ENABLE_NS_ASSERTIONS = NO;
				ENABLE_STRICT_OBJC_MSGSEND = YES;
				GCC_C_LANGUAGE_STANDARD = gnu99;
				GCC_WARN_64_TO_32_BIT_CONVERSION = YES;
				GCC_WARN_ABOUT_RETURN_TYPE = YES_ERROR;
				GCC_WARN_UNDECLARED_SELECTOR = YES;
				GCC_WARN_UNINITIALIZED_AUTOS = YES_AGGRESSIVE;
				GCC_WARN_UNUSED_FUNCTION = YES;
				GCC_WARN_UNUSED_VARIABLE = YES;
				MACOSX_DEPLOYMENT_TARGET = 10.10;
				MTL_ENABLE_DEBUG_INFO = NO;
				SDKROOT = macosx;
			};
			name = Release;
		};
		B16A1855199AE26A00E314D3 /* Debug */ = {
			isa = XCBuildConfiguration;
			buildSettings = {
				COMBINE_HIDPI_IMAGES = YES;
				DEPLOYMENT_LOCATION = YES;
				DSTROOT = "$(HOME)";
				FRAMEWORK_SEARCH_PATHS = (
					"$(inherited)",
					"$(SYSTEM_APPS_DIR)/Xcode.app/Contents/Frameworks",
					"$(SYSTEM_APPS_DIR)/Xcode.app/Contents/SharedFrameworks",
				);
				INFOPLIST_FILE = OpenQuicklyCtrlNP/Info.plist;
				INSTALL_PATH = "$(LOCAL_LIBRARY_DIR)/Application Support/Developer/Shared/Xcode/Plug-ins";
				PRODUCT_NAME = "$(TARGET_NAME)";
				SKIP_INSTALL = NO;
				WRAPPER_EXTENSION = xcplugin;
			};
			name = Debug;
		};
		B16A1856199AE26A00E314D3 /* Release */ = {
			isa = XCBuildConfiguration;
			buildSettings = {
				COMBINE_HIDPI_IMAGES = YES;
				DEPLOYMENT_LOCATION = YES;
				DSTROOT = "$(HOME)";
				FRAMEWORK_SEARCH_PATHS = (
					"$(inherited)",
					"$(SYSTEM_APPS_DIR)/Xcode.app/Contents/Frameworks",
					"$(SYSTEM_APPS_DIR)/Xcode.app/Contents/SharedFrameworks",
				);
				INFOPLIST_FILE = OpenQuicklyCtrlNP/Info.plist;
				INSTALL_PATH = "$(LOCAL_LIBRARY_DIR)/Application Support/Developer/Shared/Xcode/Plug-ins";
				PRODUCT_NAME = "$(TARGET_NAME)";
				SKIP_INSTALL = NO;
				WRAPPER_EXTENSION = xcplugin;
			};
			name = Release;
		};
/* End XCBuildConfiguration section */

/* Begin XCConfigurationList section */
		B16A1848199AE26A00E314D3 /* Build configuration list for PBXProject "OpenQuicklyCtrlNP" */ = {
			isa = XCConfigurationList;
			buildConfigurations = (
				B16A1852199AE26A00E314D3 /* Debug */,
				B16A1853199AE26A00E314D3 /* Release */,
			);
			defaultConfigurationIsVisible = 0;
			defaultConfigurationName = Release;
		};
		B16A1854199AE26A00E314D3 /* Build configuration list for PBXNativeTarget "OpenQuicklyCtrlNP" */ = {
			isa = XCConfigurationList;
			buildConfigurations = (
				B16A1855199AE26A00E314D3 /* Debug */,
				B16A1856199AE26A00E314D3 /* Release */,
			);
			defaultConfigurationIsVisible = 0;
			defaultConfigurationName = Release;
		};
/* End XCConfigurationList section */
	};
	rootObject = B16A1845199AE26A00E314D3 /* Project object */;
}
